
Microsoft Visual Studio Solution File, Format Version 12.00
# Visual Studio Version 17
VisualStudioVersion = 17.6.33829.357
MinimumVisualStudioVersion = 10.0.40219.1
Project("{FAE04EC0-301F-11D3-BF4B-00C04F79EFBC}") = "BlackGuardApp", "BlackGuardApp\BlackGuardApp.csproj", "{6A880C50-AEFA-4763-A001-2B3970589B3A}"
EndProject
Global
	GlobalSection(SolutionConfigurationPlatforms) = preSolution
		Debug|Any CPU = Debug|Any CPU
		Release|Any CPU = Release|Any CPU
	EndGlobalSection
	GlobalSection(ProjectConfigurationPlatforms) = postSolution
		{6A880C50-AEFA-4763-A001-2B3970589B3A}.Debug|Any CPU.ActiveCfg = Debug|Any CPU
		{6A880C50-AEFA-4763-A001-2B3970589B3A}.Debug|Any CPU.Build.0 = Debug|Any CPU
		{6A880C50-AEFA-4763-A001-2B3970589B3A}.Release|Any CPU.ActiveCfg = Release|Any CPU
		{6A880C50-AEFA-4763-A001-2B3970589B3A}.Release|Any CPU.Build.0 = Release|Any CPU
	EndGlobalSection
	GlobalSection(SolutionProperties) = preSolution
		HideSolutionNode = FALSE
	EndGlobalSection
	GlobalSection(ExtensibilityGlobals) = postSolution
		SolutionGuid = {0ED19389-74B4-4D79-978D-0B8F659C2DA2}
	EndGlobalSection
EndGlobal
